Microsoft Visual Studio Solution File, Format Version 12.00
# Visual Studio Version 17
VisualStudioVersion = 17.5.2.0
MinimumVisualStudioVersion = 10.0.40219.1
Project("{FAE04EC0-301F-11D3-BF4B-00C04F79EFBC}") = "ExamDynamicsAPI", "ExamDynamicsAPI.csproj", "{CD7081D5-5F40-926A-E3F2-BAA357609686}"
EndProject
Global
	GlobalSection(SolutionConfigurationPlatforms) = preSolution
		Debug|Any CPU = Debug|Any CPU
		Release|Any CPU = Release|Any CPU
	EndGlobalSection
	GlobalSection(ProjectConfigurationPlatforms) = postSolution
		{CD7081D5-5F40-926A-E3F2-BAA357609686}.Debug|Any CPU.ActiveCfg = Debug|Any CPU
		{CD7081D5-5F40-926A-E3F2-BAA357609686}.Debug|Any CPU.Build.0 = Debug|Any CPU
		{CD7081D5-5F40-926A-E3F2-BAA357609686}.Release|Any CPU.ActiveCfg = Release|Any CPU
		{CD7081D5-5F40-926A-E3F2-BAA357609686}.Release|Any CPU.Build.0 = Release|Any CPU
	EndGlobalSection
	GlobalSection(SolutionProperties) = preSolution
		HideSolutionNode = FALSE
	EndGlobalSection
	GlobalSection(ExtensibilityGlobals) = postSolution
		SolutionGuid = {C3E8B963-0CE9-44DC-813E-7F90974FBC63}
	EndGlobalSection
EndGlobal
